PackratFormat: 1.4
PackratVersion: 0.4.8.1
RVersion: 3.4.0
Repos: CRAN=https://mirrors.tuna.tsinghua.edu.cn/CRAN/,
    CRANextra=http://www.stats.ox.ac.uk/pub/RWin

Package: BH
Source: CRAN
Version: 1.62.0-1
Hash: 14dfb3e8ffe20996118306ff4de1fab2

Package: PerformanceAnalytics
Source: CRAN
Version: 1.4.3541
Hash: b1d6f7850d31690ae31e8848dbce5a8b
Requires: xts, zoo

Package: R6
Source: CRAN
Version: 2.2.0
Hash: 712773a3439bd32db5c40938e1a9aac2

Package: Rcpp
Source: CRAN
Version: 0.12.10
Hash: 6cf65d0dd6a92f2d43c8d4805d33efe9

Package: TTR
Source: CRAN
Version: 0.23-1
Hash: 4d137b2fd11667a413d92e31f106e839
Requires: xts, zoo

Package: XLConnect
Source: CRAN
Version: 0.2-12
Hash: e28b0b13acf0371eff425ebb3d88e251
Requires: XLConnectJars, rJava

Package: XLConnectJars
Source: CRAN
Version: 0.2-12
Hash: d2ecdcf98019e918f1d25ab31ab1e037
Requires: rJava

Package: curl
Source: CRAN
Version: 2.6
Hash: 8162b82ca4809c0d63c30aedbd7348e0

Package: data.table
Source: CRAN
Version: 1.10.4
Hash: 2c7c47ccb40d01c7b214c8eff818108d

Package: httr
Source: CRAN
Version: 1.2.1
Hash: 7de1f8f760441881804af7c1ff324340
Requires: R6, curl, jsonlite, mime, openssl

Package: jsonlite
Source: CRAN
Version: 1.4
Hash: 24cc0ffeb1771d710173d9803a131870

Package: lattice
Source: CRAN
Version: 0.20-35
Hash: 26b9d7f0d0cb4e1d1bbb97f867c82d89

Package: lubridate
Source: CRAN
Version: 1.6.0
Hash: b90f4cbefe0b3c545dd68b22c66a8a12
Requires: stringr

Package: magrittr
Source: CRAN
Version: 1.5
Hash: bdc4d48c3135e8f3b399536ddf160df4

Package: mime
Source: CRAN
Version: 0.5
Hash: 463550cf44fb6f0a2359368f42eebe62

Package: openssl
Source: CRAN
Version: 0.9.6
Hash: 5f4711e142a44655dfea4d64fcf2f641

Package: packrat
Source: CRAN
Version: 0.4.8-1
Hash: 6ad605ba7b4b476d84be6632393f5765

Package: pdftools
Source: CRAN
Version: 1.2
Hash: 0473a4378bd07239a7ec46a10bfc0ad0
Requires: Rcpp

Package: quantmod
Source: CRAN
Version: 0.4-8
Hash: e891dcaac8a57dfbc387090f652c6eb8
Requires: TTR, xts, zoo

Package: rJava
Source: CRAN
Version: 0.9-8
Hash: 3e8627a2a5bd45c9bad6112acfc231d9

Package: rvest
Source: CRAN
Version: 0.3.2
Hash: c69f7526520bad66fd2111ebe8b1364b
Requires: httr, magrittr, selectr, xml2

Package: selectr
Source: CRAN
Version: 0.3-1
Hash: 367275e3dcdd208339e131c7a41bec56
Requires: stringr

Package: stringi
Source: CRAN
Version: 1.1.5
Hash: b6308e49357a0b475f433599e0d8b5eb

Package: stringr
Source: CRAN
Version: 1.2.0
Hash: 25a86d7f410513ebb7c0bc6a5e16bdc3
Requires: magrittr, stringi

Package: xml2
Source: CRAN
Version: 1.1.1
Hash: 19ad10ef8e73cb435eb49f9d5d259980
Requires: BH, Rcpp

Package: xts
Source: CRAN
Version: 0.9-7
Hash: fb3f81d7a2fa2323879b6b49722ddc5e
Requires: zoo

Package: zoo
Source: CRAN
Version: 1.8-0
Hash: df9711767f56f086e8a8d1f0fb926ff6
Requires: lattice
